{
    "name": "kawaii-vscode-color",
    "version": "0.1.25",
    "lockfileVersion": 3,
    "requires": true,
    "packages": {
        "": {
            "name": "kawaii-vscode-color",
            "version": "0.1.25",
            "engines": {
                "vscode": "^1.33.0"
            }
        }
    }
}
